
Microsoft Visual Studio Solution File, Format Version 12.00
# Visual Studio 2012
Project("{FAE04EC0-301F-11D3-BF4B-00C04F79EFBC}") = "ChipWaherPCKit", "ChipWaherPCKit.csproj", "{4233C16A-B58E-4E34-BDB5-6F56BC3DC632}"
EndProject
Global
	GlobalSection(SolutionConfigurationPlatforms) = preSolution
		Debug|Any CPU = Debug|Any CPU
		Release|Any CPU = Release|Any CPU
	EndGlobalSection
	GlobalSection(ProjectConfigurationPlatforms) = postSolution
		{4233C16A-B58E-4E34-BDB5-6F56BC3DC632}.Debug|Any CPU.ActiveCfg = Debug|Any CPU
		{4233C16A-B58E-4E34-BDB5-6F56BC3DC632}.Debug|Any CPU.Build.0 = Debug|Any CPU
		{4233C16A-B58E-4E34-BDB5-6F56BC3DC632}.Release|Any CPU.ActiveCfg = Release|Any CPU
		{4233C16A-B58E-4E34-BDB5-6F56BC3DC632}.Release|Any CPU.Build.0 = Release|Any CPU
	EndGlobalSection
	GlobalSection(SolutionProperties) = preSolution
		HideSolutionNode = FALSE
	EndGlobalSection
EndGlobal
